{
  "version": 4,
  "terraform_version": "1.7.4",
  "serial": 1,
  "lineage": "bb4cc823-c57b-cbe7-39f6-0dae7c92d6c7",
  "outputs": {},
  "resources": [
    {
      "mode": "managed",
      "type": "docker_image",
      "name": "nodered_image",
      "provider": "provider[\"registry.terraform.io/kreuzwerker/docker\"]",
      "instances": [
        {
          "schema_version": 0,
          "attributes": {
            "build": [],
            "force_remove": null,
            "id": "sha256:09895e46295b0e8b5be0237c2f2edcf8c8a7a67b8170aa652fc61f6311410800nodered/node-red:latest",
            "image_id": "sha256:09895e46295b0e8b5be0237c2f2edcf8c8a7a67b8170aa652fc61f6311410800",
            "keep_locally": null,
            "name": "nodered/node-red:latest",
            "platform": null,
            "pull_triggers": null,
            "repo_digest": "nodered/node-red@sha256:3d968a967d27b37388ea14019a75b2b2660b208ae3b500269c71e01eca67f28a",
            "triggers": null
          },
          "sensitive_attributes": [],
          "private": "bnVsbA=="
        }
      ]
    }
  ],
  "check_results": null
}
